
Microsoft Visual Studio Solution File, Format Version 12.00
# Visual Studio Version 16
VisualStudioVersion = 16.0.29102.190
MinimumVisualStudioVersion = 10.0.40219.1
Project("{FAE04EC0-301F-11D3-BF4B-00C04F79EFBC}") = "BMS.UI", "BMS.UI\BMS.UI.csproj", "{B7521495-E1FC-4BAD-82BE-53D5B83AAD63}"
EndProject
Project("{FAE04EC0-301F-11D3-BF4B-00C04F79EFBC}") = "BasicMessageSender.Data", "BasicMessageSender.Data\BasicMessageSender.Data.csproj", "{DE524B64-C4A3-41BC-9A0E-7209DA545A61}"
EndProject
Global
	GlobalSection(SolutionConfigurationPlatforms) = preSolution
		Debug|Any CPU = Debug|Any CPU
		Release|Any CPU = Release|Any CPU
	EndGlobalSection
	GlobalSection(ProjectConfigurationPlatforms) = postSolution
		{B7521495-E1FC-4BAD-82BE-53D5B83AAD63}.Debug|Any CPU.ActiveCfg = Debug|Any CPU
		{B7521495-E1FC-4BAD-82BE-53D5B83AAD63}.Debug|Any CPU.Build.0 = Debug|Any CPU
		{B7521495-E1FC-4BAD-82BE-53D5B83AAD63}.Release|Any CPU.ActiveCfg = Release|Any CPU
		{B7521495-E1FC-4BAD-82BE-53D5B83AAD63}.Release|Any CPU.Build.0 = Release|Any CPU
		{DE524B64-C4A3-41BC-9A0E-7209DA545A61}.Debug|Any CPU.ActiveCfg = Debug|Any CPU
		{DE524B64-C4A3-41BC-9A0E-7209DA545A61}.Debug|Any CPU.Build.0 = Debug|Any CPU
		{DE524B64-C4A3-41BC-9A0E-7209DA545A61}.Release|Any CPU.ActiveCfg = Release|Any CPU
		{DE524B64-C4A3-41BC-9A0E-7209DA545A61}.Release|Any CPU.Build.0 = Release|Any CPU
	EndGlobalSection
	GlobalSection(SolutionProperties) = preSolution
		HideSolutionNode = FALSE
	EndGlobalSection
	GlobalSection(ExtensibilityGlobals) = postSolution
		SolutionGuid = {D9996A59-9106-42BF-9B18-A731AA2A2333}
	EndGlobalSection
EndGlobal
